
Microsoft Visual Studio Solution File, Format Version 12.00
# Visual Studio Version 16
VisualStudioVersion = 16.0.29806.167
MinimumVisualStudioVersion = 10.0.40219.1
Project("{9A19103F-16F7-4668-BE54-9A1E7A4F7556}") = "MonoSynth", "MonoSynth\MonoSynth.csproj", "{554FCA94-5184-41D8-B177-6079E0E36007}"
EndProject
Project("{2150E333-8FDC-42A3-9474-1A3956D46DE8}") = "Solution Items", "Solution Items", "{AEDA3B6B-052F-47CD-A691-5A259DAF02B5}"
	ProjectSection(SolutionItems) = preProject
		README.md = README.md
	EndProjectSection
EndProject
Global
	GlobalSection(SolutionConfigurationPlatforms) = preSolution
		Debug|Any CPU = Debug|Any CPU
		Release|Any CPU = Release|Any CPU
	EndGlobalSection
	GlobalSection(ProjectConfigurationPlatforms) = postSolution
		{554FCA94-5184-41D8-B177-6079E0E36007}.Debug|Any CPU.ActiveCfg = Debug|Any CPU
		{554FCA94-5184-41D8-B177-6079E0E36007}.Debug|Any CPU.Build.0 = Debug|Any CPU
		{554FCA94-5184-41D8-B177-6079E0E36007}.Release|Any CPU.ActiveCfg = Release|Any CPU
		{554FCA94-5184-41D8-B177-6079E0E36007}.Release|Any CPU.Build.0 = Release|Any CPU
	EndGlobalSection
	GlobalSection(SolutionProperties) = preSolution
		HideSolutionNode = FALSE
	EndGlobalSection
	GlobalSection(ExtensibilityGlobals) = postSolution
		SolutionGuid = {3D8C7A86-84E0-4BC5-B407-22A35845EC7E}
	EndGlobalSection
EndGlobal
